
Microsoft Visual Studio Solution File, Format Version 12.00
# Visual Studio 15
VisualStudioVersion = 15.0.28307.779
MinimumVisualStudioVersion = 10.0.40219.1
Project("{FAE04EC0-301F-11D3-BF4B-00C04F79EFBC}") = "WithoutIdentity", "WithoutIdentity\WithoutIdentity.csproj", "{183C0743-37F8-4102-B377-82A430D8EE54}"
EndProject
Global
	GlobalSection(SolutionConfigurationPlatforms) = preSolution
		Debug|Any CPU = Debug|Any CPU
		Release|Any CPU = Release|Any CPU
	EndGlobalSection
	GlobalSection(ProjectConfigurationPlatforms) = postSolution
		{183C0743-37F8-4102-B377-82A430D8EE54}.Debug|Any CPU.ActiveCfg = Debug|Any CPU
		{183C0743-37F8-4102-B377-82A430D8EE54}.Debug|Any CPU.Build.0 = Debug|Any CPU
		{183C0743-37F8-4102-B377-82A430D8EE54}.Release|Any CPU.ActiveCfg = Release|Any CPU
		{183C0743-37F8-4102-B377-82A430D8EE54}.Release|Any CPU.Build.0 = Release|Any CPU
	EndGlobalSection
	GlobalSection(SolutionProperties) = preSolution
		HideSolutionNode = FALSE
	EndGlobalSection
	GlobalSection(ExtensibilityGlobals) = postSolution
		SolutionGuid = {F6B1B008-681C-4E1B-90D2-C50EBD520825}
	EndGlobalSection
EndGlobal
